
Microsoft Visual Studio Solution File, Format Version 12.00
# Visual Studio 15
VisualStudioVersion = 15.0.28307.271
MinimumVisualStudioVersion = 10.0.40219.1
Project("{FAE04EC0-301F-11D3-BF4B-00C04F79EFBC}") = "E-Commerce-ShoebApi", "E-Commerce-ShoebApi\E-Commerce-ShoebApi.csproj", "{24105454-FD81-4404-9E19-F95316C5A522}"
EndProject
Project("{FAE04EC0-301F-11D3-BF4B-00C04F79EFBC}") = "DataAccessLayer", "DataAccessLayer\DataAccessLayer.csproj", "{053CA561-8D9A-44B3-9854-FBA0AECCC3D6}"
EndProject
Project("{FAE04EC0-301F-11D3-BF4B-00C04F79EFBC}") = "BusinessAccessLayer", "BusinessAccessLayer\BusinessAccessLayer.csproj", "{3766FC39-8848-41CB-8F62-0C4BC962EC8B}"
EndProject
Global
	GlobalSection(SolutionConfigurationPlatforms) = preSolution
		Debug|Any CPU = Debug|Any CPU
		Release|Any CPU = Release|Any CPU
	EndGlobalSection
	GlobalSection(ProjectConfigurationPlatforms) = postSolution
		{24105454-FD81-4404-9E19-F95316C5A522}.Debug|Any CPU.ActiveCfg = Debug|Any CPU
		{24105454-FD81-4404-9E19-F95316C5A522}.Debug|Any CPU.Build.0 = Debug|Any CPU
		{24105454-FD81-4404-9E19-F95316C5A522}.Release|Any CPU.ActiveCfg = Release|Any CPU
		{24105454-FD81-4404-9E19-F95316C5A522}.Release|Any CPU.Build.0 = Release|Any CPU
		{053CA561-8D9A-44B3-9854-FBA0AECCC3D6}.Debug|Any CPU.ActiveCfg = Debug|Any CPU
		{053CA561-8D9A-44B3-9854-FBA0AECCC3D6}.Debug|Any CPU.Build.0 = Debug|Any CPU
		{053CA561-8D9A-44B3-9854-FBA0AECCC3D6}.Release|Any CPU.ActiveCfg = Release|Any CPU
		{053CA561-8D9A-44B3-9854-FBA0AECCC3D6}.Release|Any CPU.Build.0 = Release|Any CPU
		{3766FC39-8848-41CB-8F62-0C4BC962EC8B}.Debug|Any CPU.ActiveCfg = Debug|Any CPU
		{3766FC39-8848-41CB-8F62-0C4BC962EC8B}.Debug|Any CPU.Build.0 = Debug|Any CPU
		{3766FC39-8848-41CB-8F62-0C4BC962EC8B}.Release|Any CPU.ActiveCfg = Release|Any CPU
		{3766FC39-8848-41CB-8F62-0C4BC962EC8B}.Release|Any CPU.Build.0 = Release|Any CPU
	EndGlobalSection
	GlobalSection(SolutionProperties) = preSolution
		HideSolutionNode = FALSE
	EndGlobalSection
	GlobalSection(ExtensibilityGlobals) = postSolution
		SolutionGuid = {17D9B467-5D5B-4372-8D35-FA01348E9168}
	EndGlobalSection
EndGlobal
